
Microsoft Visual Studio Solution File, Format Version 12.00
# Visual Studio Version 16
VisualStudioVersion = 16.0.28803.452
MinimumVisualStudioVersion = 10.0.40219.1
Project("{FAE04EC0-301F-11D3-BF4B-00C04F79EFBC}") = "Cryot2.Android", "Cryot2\Cryot2.Android\Cryot2.Android.csproj", "{26F67E90-AEE0-42F1-9F37-BE04F262CDB8}"
EndProject
Project("{FAE04EC0-301F-11D3-BF4B-00C04F79EFBC}") = "Cryot2.iOS", "Cryot2\Cryot2.iOS\Cryot2.iOS.csproj", "{CCE14090-850E-41D9-8DB7-5761E52C6122}"
EndProject
Project("{FAE04EC0-301F-11D3-BF4B-00C04F79EFBC}") = "Cryot2", "Cryot2\Cryot2\Cryot2.csproj", "{E557105F-198A-4578-868A-A71DA3905C01}"
EndProject
Global
	GlobalSection(SolutionConfigurationPlatforms) = preSolution
		Debug|Any CPU = Debug|Any CPU
		Debug|iPhone = Debug|iPhone
		Debug|iPhoneSimulator = Debug|iPhoneSimulator
		Release|Any CPU = Release|Any CPU
		Release|iPhone = Release|iPhone
		Release|iPhoneSimulator = Release|iPhoneSimulator
	EndGlobalSection
	GlobalSection(ProjectConfigurationPlatforms) = postSolution
		{26F67E90-AEE0-42F1-9F37-BE04F262CDB8}.Debug|Any CPU.ActiveCfg = Debug|Any CPU
		{26F67E90-AEE0-42F1-9F37-BE04F262CDB8}.Debug|Any CPU.Build.0 = Debug|Any CPU
		{26F67E90-AEE0-42F1-9F37-BE04F262CDB8}.Debug|Any CPU.Deploy.0 = Debug|Any CPU
		{26F67E90-AEE0-42F1-9F37-BE04F262CDB8}.Debug|iPhone.ActiveCfg = Debug|Any CPU
		{26F67E90-AEE0-42F1-9F37-BE04F262CDB8}.Debug|iPhone.Build.0 = Debug|Any CPU
		{26F67E90-AEE0-42F1-9F37-BE04F262CDB8}.Debug|iPhone.Deploy.0 = Debug|Any CPU
		{26F67E90-AEE0-42F1-9F37-BE04F262CDB8}.Debug|iPhoneSimulator.ActiveCfg = Debug|Any CPU
		{26F67E90-AEE0-42F1-9F37-BE04F262CDB8}.Debug|iPhoneSimulator.Build.0 = Debug|Any CPU
		{26F67E90-AEE0-42F1-9F37-BE04F262CDB8}.Debug|iPhoneSimulator.Deploy.0 = Debug|Any CPU
		{26F67E90-AEE0-42F1-9F37-BE04F262CDB8}.Release|Any CPU.ActiveCfg = Release|Any CPU
		{26F67E90-AEE0-42F1-9F37-BE04F262CDB8}.Release|Any CPU.Build.0 = Release|Any CPU
		{26F67E90-AEE0-42F1-9F37-BE04F262CDB8}.Release|Any CPU.Deploy.0 = Release|Any CPU
		{26F67E90-AEE0-42F1-9F37-BE04F262CDB8}.Release|iPhone.ActiveCfg = Release|Any CPU
		{26F67E90-AEE0-42F1-9F37-BE04F262CDB8}.Release|iPhone.Build.0 = Release|Any CPU
		{26F67E90-AEE0-42F1-9F37-BE04F262CDB8}.Release|iPhone.Deploy.0 = Release|Any CPU
		{26F67E90-AEE0-42F1-9F37-BE04F262CDB8}.Release|iPhoneSimulator.ActiveCfg = Release|Any CPU
		{26F67E90-AEE0-42F1-9F37-BE04F262CDB8}.Release|iPhoneSimulator.Build.0 = Release|Any CPU
		{26F67E90-AEE0-42F1-9F37-BE04F262CDB8}.Release|iPhoneSimulator.Deploy.0 = Release|Any CPU
		{CCE14090-850E-41D9-8DB7-5761E52C6122}.Debug|Any CPU.ActiveCfg = Debug|iPhoneSimulator
		{CCE14090-850E-41D9-8DB7-5761E52C6122}.Debug|Any CPU.Build.0 = Debug|iPhoneSimulator
		{CCE14090-850E-41D9-8DB7-5761E52C6122}.Debug|Any CPU.Deploy.0 = Debug|iPhoneSimulator
		{CCE14090-850E-41D9-8DB7-5761E52C6122}.Debug|iPhone.ActiveCfg = Debug|iPhone
		{CCE14090-850E-41D9-8DB7-5761E52C6122}.Debug|iPhone.Build.0 = Debug|iPhone
		{CCE14090-850E-41D9-8DB7-5761E52C6122}.Debug|iPhone.Deploy.0 = Debug|iPhone
		{CCE14090-850E-41D9-8DB7-5761E52C6122}.Debug|iPhoneSimulator.ActiveCfg = Debug|iPhoneSimulator
		{CCE14090-850E-41D9-8DB7-5761E52C6122}.Debug|iPhoneSimulator.Build.0 = Debug|iPhoneSimulator
		{CCE14090-850E-41D9-8DB7-5761E52C6122}.Debug|iPhoneSimulator.Deploy.0 = Debug|iPhoneSimulator
		{CCE14090-850E-41D9-8DB7-5761E52C6122}.Release|Any CPU.ActiveCfg = Release|iPhone
		{CCE14090-850E-41D9-8DB7-5761E52C6122}.Release|Any CPU.Build.0 = Release|iPhone
		{CCE14090-850E-41D9-8DB7-5761E52C6122}.Release|Any CPU.Deploy.0 = Release|iPhone
		{CCE14090-850E-41D9-8DB7-5761E52C6122}.Release|iPhone.ActiveCfg = Release|iPhone
		{CCE14090-850E-41D9-8DB7-5761E52C6122}.Release|iPhone.Build.0 = Release|iPhone
		{CCE14090-850E-41D9-8DB7-5761E52C6122}.Release|iPhone.Deploy.0 = Release|iPhone
		{CCE14090-850E-41D9-8DB7-5761E52C6122}.Release|iPhoneSimulator.ActiveCfg = Release|iPhoneSimulator
		{CCE14090-850E-41D9-8DB7-5761E52C6122}.Release|iPhoneSimulator.Build.0 = Release|iPhoneSimulator
		{CCE14090-850E-41D9-8DB7-5761E52C6122}.Release|iPhoneSimulator.Deploy.0 = Release|iPhoneSimulator
		{E557105F-198A-4578-868A-A71DA3905C01}.Debug|Any CPU.ActiveCfg = Debug|Any CPU
		{E557105F-198A-4578-868A-A71DA3905C01}.Debug|Any CPU.Build.0 = Debug|Any CPU
		{E557105F-198A-4578-868A-A71DA3905C01}.Debug|Any CPU.Deploy.0 = Debug|Any CPU
		{E557105F-198A-4578-868A-A71DA3905C01}.Debug|iPhone.ActiveCfg = Debug|Any CPU
		{E557105F-198A-4578-868A-A71DA3905C01}.Debug|iPhone.Build.0 = Debug|Any CPU
		{E557105F-198A-4578-868A-A71DA3905C01}.Debug|iPhone.Deploy.0 = Debug|Any CPU
		{E557105F-198A-4578-868A-A71DA3905C01}.Debug|iPhoneSimulator.ActiveCfg = Debug|Any CPU
		{E557105F-198A-4578-868A-A71DA3905C01}.Debug|iPhoneSimulator.Build.0 = Debug|Any CPU
		{E557105F-198A-4578-868A-A71DA3905C01}.Debug|iPhoneSimulator.Deploy.0 = Debug|Any CPU
		{E557105F-198A-4578-868A-A71DA3905C01}.Release|Any CPU.ActiveCfg = Release|Any CPU
		{E557105F-198A-4578-868A-A71DA3905C01}.Release|Any CPU.Build.0 = Release|Any CPU
		{E557105F-198A-4578-868A-A71DA3905C01}.Release|Any CPU.Deploy.0 = Release|Any CPU
		{E557105F-198A-4578-868A-A71DA3905C01}.Release|iPhone.ActiveCfg = Release|Any CPU
		{E557105F-198A-4578-868A-A71DA3905C01}.Release|iPhone.Build.0 = Release|Any CPU
		{E557105F-198A-4578-868A-A71DA3905C01}.Release|iPhone.Deploy.0 = Release|Any CPU
		{E557105F-198A-4578-868A-A71DA3905C01}.Release|iPhoneSimulator.ActiveCfg = Release|Any CPU
		{E557105F-198A-4578-868A-A71DA3905C01}.Release|iPhoneSimulator.Build.0 = Release|Any CPU
		{E557105F-198A-4578-868A-A71DA3905C01}.Release|iPhoneSimulator.Deploy.0 = Release|Any CPU
	EndGlobalSection
	GlobalSection(SolutionProperties) = preSolution
		HideSolutionNode = FALSE
	EndGlobalSection
	GlobalSection(ExtensibilityGlobals) = postSolution
		SolutionGuid = {AABC2014-1908-40FC-BF55-47424C917EBB}
	EndGlobalSection
EndGlobal
